acl-dev 2.3.2-r1 20dac639d1730db33a79c3d392d6f2598e2a9cc6f119932090b8bae940911039 acl-dev-2.3.2-r1.apk
acl-libs 2.3.2-r1 3f02851d586c25d97ba8b5b845615aacc209ae7eaeb6f7843eca76d85da2249d acl-libs-2.3.2-r1.apk
acl-static 2.3.2-r1 06afa66d8d8830be3922cce87e7856efb0f002a692a958a1ae7e778ab89c1ead acl-static-2.3.2-r1.apk
autoconf 2.73-r0 03f0bbba4df7c43e7ae5ff3cab861abf9180731d9e057e62d2f9022f7aa4e047 autoconf-2.73-r0.apk
automake 1.18.1-r1 68164e792c3951b21aab938a5b4878e33c8f0dbeab65099746e9e7709f17f99e automake-1.18.1-r1.apk
binutils 2.45.1-r1 15682887459d216585feb438bbfb7ec63e1f33e77c453f44637d2d9d8c35977d binutils-2.45.1-r1.apk
bison 3.8.2-r3 07c588c6502ece84cf6acb0ec3c6c3b592948de1e4b5590c63a17c9ec0b694f7 bison-3.8.2-r3.apk
brotli 1.2.0-r1 f84d068fb8bfd245a847f4cf6618106a84b6e8513a5b5803506f0fb9137c1873 brotli-1.2.0-r1.apk
brotli-dev 1.2.0-r1 cf308f9562a6864a739f5eddedd8a21ea57bf9df6f7313d12089a294872a7180 brotli-dev-1.2.0-r1.apk
brotli-libs 1.2.0-r1 f0823de7c6d45859aeb6a7facfc5cfbf2dadb83ad4f27c794cb6ecc74e578cee brotli-libs-1.2.0-r1.apk
brotli-static 1.2.0-r1 1a5f8a2ec2ae0e26f1861d2a6435f4d2ca123424c442d217e0e627336c8ab215 brotli-static-1.2.0-r1.apk
bsd-compat-headers 0.7.2-r6 185af20c670894721f8b5bc9be1294bd42cc698b4ab6b782880ff5cedbf98b98 bsd-compat-headers-0.7.2-r6.apk
build-base 0.5-r4 3ac72e74e96150995e8d797b6c33fc3b46d69e3667c47bd0ff25ce89f9fc4eaf build-base-0.5-r4.apk
busybox 1.37.0-r31 0e626fa97cf937fda7bba4ed4dde8e2f2dbb5083ac34e02180cec0c4eba9351b busybox-1.37.0-r31.apk
busybox-binsh 1.37.0-r31 93f803ae5db6b729c0f66f4afba6e907ccc17d7d5f8b8c3d25bdb4636de2c48a busybox-binsh-1.37.0-r31.apk
bzip2-dev 1.0.8-r6 38b1c8a4da3ef0bab15d2549016751a406d8ae33887d4b3956aa6643e1448d04 bzip2-dev-1.0.8-r6.apk
bzip2-static 1.0.8-r6 7e390de7e75ac10a611afa81425b2cef6c0ad2169344b1e6281df711bff2ab2d bzip2-static-1.0.8-r6.apk
c-ares 1.34.8-r0 123fdeadc5ec884b897787f98d865492bf70402697b251cd1f3591a00b8c9d73 c-ares-1.34.8-r0.apk
ca-certificates-bundle 20260909-r0 a35f8cf2366d90294d0bb089af565fd17f3fa03721e61bcc7f02ed3d8334e7ea ca-certificates-bundle-20260909-r0.apk
cmake 4.2.3-r0 960e712886a5453c2c2573364ecc98c28fc7e081270396c5d9a69756caa102c8 cmake-4.2.3-r0.apk
diffutils 3.12-r0 ef3b6796669607e420331b932dcf4a9dc0a399c64263be724a0621c3094ce6fb diffutils-3.12-r0.apk
docbook-xml 4.5-r10 f06f765672d6692cfa7c975c67bf672f11b1390096d8bdcf67e3321db2696dc9 docbook-xml-4.5-r10.apk
docbook-xsl 1.79.2-r13 2ab5ad380baebdb14e0d8d0858ac4f16686eb437397e2d17dd9c6fed58414d2f docbook-xsl-1.79.2-r13.apk
docbook-xsl-nons 1.79.2-r13 d85843564501114896e6a1a793d0c12a25ed75e81296846f395f75fa3b43672d docbook-xsl-nons-1.79.2-r13.apk
docbook-xsl-ns 1.79.2-r13 d52a790357efbbb9ec302b4519e7ad733c8e44528ac46c810a8f0204a0d56f05 docbook-xsl-ns-1.79.2-r13.apk
e2fsprogs-dev 1.47.4-r0 ce77ffbdb9162df04b395831bedbc5f3190da5675f75eeb96c0ac1221687b91a e2fsprogs-dev-1.47.4-r0.apk
e2fsprogs-libs 1.47.4-r0 2e067395a6981b06cfd2cd3abf0e6c6574f7ef64d02e01f75fc5323d4a337fb9 e2fsprogs-libs-1.47.4-r0.apk
e2fsprogs-static 1.47.4-r0 72ec56e0113c0997fb079189ca4cf1b5769846fbc82afd78ed48e72abd900806 e2fsprogs-static-1.47.4-r0.apk
expat 2.8.5-r0 1116ed6f8fc9f7dd5fbc3f1fec9b5a3aaba5d1fd423733bab186a8a78090166a expat-2.8.5-r0.apk
expat-dev 2.8.5-r0 dcd8e1fa2af657fa3238071882b5260c37246db16030970045ccf47bb5c7c111 expat-dev-2.8.5-r0.apk
expat-static 2.8.5-r0 dba0b31037bce140d46c677e07b1f9a0a45c67cde12f8d24100f427fa3e03179 expat-static-2.8.5-r0.apk
file 5.47-r2 4681c153c509aec126e2b9ea2c959730309b24a792d49fc8cc26fa5fa87e8fdd file-5.47-r2.apk
fortify-headers 3.0.1-r2 5ffaebd9f141ac3e3fa0cc99f798f64b4c0aa16fb06a7a77e68f63f350fe23aa fortify-headers-3.0.1-r2.apk
fuse-common 3.18.3-r0 88b89ca275fbeed7fd5b91f38d35077684e53f2c22676f40718fede8a7c89f73 fuse-common-3.18.3-r0.apk
fuse3 3.18.3-r0 75c11b645c916959c38d87e8418ef20dd1d8f49468fbdf78a3fc0f14b72f4d15 fuse3-3.18.3-r0.apk
fuse3-dev 3.18.3-r0 c077da4132070a073dc4c708fc9155272b6615cac0cfae387b74ab11da0f56ac fuse3-dev-3.18.3-r0.apk
fuse3-libs 3.18.3-r0 5455c41da8abb45ece2c7bf74cb9a9f5758d9ba17118cb85a2bc5ebef159bcfa fuse3-libs-3.18.3-r0.apk
fuse3-static 3.18.3-r0 55d26a2fb0ea15534e9b956c3bffc1eb2968bfd1730a4e9302ffd4b138b1c44f fuse3-static-3.18.3-r0.apk
g++ 15.2.0-r5 35c39e8d3667d8603fe209dbafe67681c64b1cda66bf9c836bfb4d05b19a71fd g++-15.2.0-r5.apk
gawk 5.3.2-r2 04cc24109a19dd42bd65e45fbe1046d8acdf64e341f80c1a29c1d63a1f032134 gawk-5.3.2-r2.apk
gcc 15.2.0-r5 d1d482472ed91240731c60dbae8176bc1e32e1dfb694856da6759f6d32716325 gcc-15.2.0-r5.apk
gdbm 1.26-r0 3278ccba30b241168ca4ab93c919be805411b918fdc062f06d3684d12dc33ae3 gdbm-1.26-r0.apk
gettext 1.0-r0 4345072fe93cec9ba28178e62f50e47832d3683c26aac4e29012fd6b9f36d592 gettext-1.0-r0.apk
gettext-asprintf 1.0-r0 0b22141c93d735a66fc7ce9d3c8516e0c77322956d830ac5b56f9b62241b9c0b gettext-asprintf-1.0-r0.apk
gettext-dev 1.0-r0 b818aafcf5f9b02797fd910a0c16b878813e5043428ff893f032ed90b057eed6 gettext-dev-1.0-r0.apk
gettext-envsubst 1.0-r0 0ced53382a73a55d60daec6d6f4b09cde3726cce34f0eb79278b79f8c669ce82 gettext-envsubst-1.0-r0.apk
gettext-libs 1.0-r0 2b68314ad47dee2f6082732fe2903f137a765ebee15abe0560867190aedd9fb6 gettext-libs-1.0-r0.apk
gettext-static 1.0-r0 c1395a2aaa8a8732e87d4918a8c2c501a89c5d8e90e9a353e76702e9b52dc9a8 gettext-static-1.0-r0.apk
git 2.54.0-r0 5a2c6782774d2e891fc2fc3fdc50c3c2743b8eb2dc7cda69b6b723af2eedcf78 git-2.54.0-r0.apk
git-init-template 2.54.0-r0 e8094a47bfa6e66b7d550ae12a7a8bcab0bc4af502aacd5d2a6fc62d2c5e488d git-init-template-2.54.0-r0.apk
git-perl 2.54.0-r0 69be2602c82886c58109f4849dee4e2e935710944240994e85a284082be928b8 git-perl-2.54.0-r0.apk
glib 2.88.1-r1 2f32203b97789bc9a92e57e2d9b89eb2e6951b69534ba082a683c6e49031cb5d glib-2.88.1-r1.apk
glib-dev 2.88.1-r1 ad1c0a360a2effd1e2d905f2e4e90de53b05ff012cb9e900f49d7ba20f33161d glib-dev-2.88.1-r1.apk
glib-static 2.88.1-r1 04653e33b0adbaadff1f70b615291a49859a61eb29e1e2c387931bc5ecab89e9 glib-static-2.88.1-r1.apk
gmp 6.3.0-r4 85323ef5bce8ff234736dc2d6592ea37aebdc6348a531e27430bdfe38364d256 gmp-6.3.0-r4.apk
gperf 3.3-r0 205c6f2e02da3f63e475ae5b4ad51747ab3c9d031fc0cffd7a025aed957ff8f2 gperf-3.3-r0.apk
isl26 0.26-r2 30999fb66e296c8ea7aa102cad0d3095519b3022abb622d2951dd29367310ea9 isl26-0.26-r2.apk
itstool 2.0.7-r3 c139487ab461dec8b29e5e6a4e7897059017f1d580eb0699c25d8bf600252efe itstool-2.0.7-r3.apk
jansson 2.15.0-r0 7681b41486e1f2b2efce11875c839533464ae8857d30fc49130f0039c6585fdb jansson-2.15.0-r0.apk
libarchive 3.8.7-r0 4b90cf43fdc4666015b7849f9459b9daf0ed4c81b17a533dc10eacdd361532e2 libarchive-3.8.7-r0.apk
libatomic 15.2.0-r5 c5ec550c73dd7b4e81e206fdff3cf4c46b0ae1b29fec1db5cd4e12d88416abbf libatomic-15.2.0-r5.apk
libblkid 2.42.3-r1 2512c2bff496ac2b8561a3c814d21d35ce10cda579b3d410f9f96da93a5aaac1 libblkid-2.42.3-r1.apk
libbz2 1.0.8-r6 2737e2b23ed08d4911ee62cd0163b5f4bf0379cacf4dc35b23a00209584c98fd libbz2-1.0.8-r6.apk
libcap-dev 2.78-r0 b9dd5ca2a572aa94fed4d3678101ea78a1d915fa9de045d7cc74dffb7bdcb6e5 libcap-dev-2.78-r0.apk
libcap-static 2.78-r0 6f783bc8fe44b635a58d97d58cd736e0fb840c121d156c9cf7ec3decbdf62297 libcap-static-2.78-r0.apk
libcap2 2.78-r0 42886a7b4bcde26347c712925c8dc7db202b6029ef9b8c7ee81577ab7bdd8fad libcap2-2.78-r0.apk
libcom_err 1.47.4-r0 4723d0fb8e286dc6adb54dd3cdaedcd8db54260f75ee778a5acb4c16922c0f52 libcom_err-1.47.4-r0.apk
libcrypto3 3.5.9-r0 6632d758d8f5e9ea3b650fe966f23bbf9a202f8b8dceecac93da135dec5e3689 libcrypto3-3.5.9-r0.apk
libcurl 8.22.0-r0 40b2a8e15a8d24bc95a5f42aaeb018313a1ff457cee71d8e15aaf1328da765e8 libcurl-8.22.0-r0.apk
libeconf 0.8.3-r0 2a791c7957961f830cf31b04f35f814a63afcf633badc9052425ff1cf2f64380 libeconf-0.8.3-r0.apk
libeconf-dev 0.8.3-r0 a813c4f558a0c087f80c4a464a9665521dce83cde7c9360ba6d13eb91468ad50 libeconf-dev-0.8.3-r0.apk
libeconf-static 0.8.3-r0 3e00f2cb600141c5793eaa92f389ecdb88cf7f9d1650de0c28836808b26b48ea libeconf-static-0.8.3-r0.apk
libedit 20260508.3.1-r1 dfb62b3fb06346a525ffea788c6a48a0581d61a89014f57885b84b1df5a365c0 libedit-20260508.3.1-r1.apk
libedit-dev 20260508.3.1-r1 040f3782085c13c299cf4b17d1210805bbc1dad3bb9d5fbe3e640c2af96b1e21 libedit-dev-20260508.3.1-r1.apk
libexpat 2.8.5-r0 2e56946bc495cbed9eb1ad70859a79cba9db6420016453e065a0628848b32c7e libexpat-2.8.5-r0.apk
libfdisk 2.42.3-r1 9775aae10e103c128e6b8424585f5d2dac6d8e8e386cc8365a46358ccd6aa7d0 libfdisk-2.42.3-r1.apk
libffi 3.5.2-r1 6da1a19313a40c56cac756fb11e2c4d5267831e1c22fc8323f24c943c94da6e0 libffi-3.5.2-r1.apk
libffi-dev 3.5.2-r1 2d70bc8758f9cac44c3456510b68b0ef03b2f762ead698af64e314a898846d17 libffi-dev-3.5.2-r1.apk
libformw 6.6_p20260516-r0 3a1d3bf08911655e3c7674931887a78867d57065e8156c95d21f6fdf8ee37d1d libformw-6.6_p20260516-r0.apk
libgcc 15.2.0-r5 393dcd32629f06d7d85409c272d142d0c082772d10b87ef55ee82f47de3be637 libgcc-15.2.0-r5.apk
libgcc-static 15.2.0-r5 563244a562f5c48b921f7f0b4a571e373cfcba65175fe2d4f752c5f975738bcd libgcc-static-15.2.0-r5.apk
libgomp 15.2.0-r5 e7204aad00e31d544e0a34eac5a7eb7d3586d2b7b22afd6e5907189c4e0337cc libgomp-15.2.0-r5.apk
libhistory 8.3.3-r1 a56e28a1b015fb9527996df8ad0411aebb20b33a990215a7922e34900ea1ef8c libhistory-8.3.3-r1.apk
libintl 1.0-r0 cb03919cba5624b5e8759d04f3b31913b02585355988b914bc31de4746ff5ef6 libintl-1.0-r0.apk
liblastlog2 2.42.3-r1 09d27e6d1bbef602dedc25cdac922e5f61daed6aa8ac68b237e63edadf78984c liblastlog2-2.42.3-r1.apk
libltdl 2.6.0-r1 5a61ee2419f1ca973ee03655265a52ba9296827169872ad1b645badb56984610 libltdl-2.6.0-r1.apk
libmagic 5.47-r2 1820acd299025619a848b19ac98c7996fd92c06965255898800b6a790a8b03a2 libmagic-5.47-r2.apk
libmenuw 6.6_p20260516-r0 6a73daf427999bc74516fb0a4b1a6b11096f67817d10a067ab00e7f5e517e7c4 libmenuw-6.6_p20260516-r0.apk
libmount 2.42.3-r1 e2ae003260f2c1ec13666c6e108d5e8e3d64974b0667166a02432bd3be263a7a libmount-2.42.3-r1.apk
libncurses++ 6.6_p20260516-r0 4899499124fe34c4a28d4e77cc857d1646bb01538c839efb93cc823f1b92444e libncurses++-6.6_p20260516-r0.apk
libncursesw 6.6_p20260516-r0 cf8caa8a88bc4ce9d9e395567fefaf9ef7fbd55c50ae6155b35c1b58f3755023 libncursesw-6.6_p20260516-r0.apk
libpanelw 6.6_p20260516-r0 057be8b1b788580f4cb72c382a6dcc03467d15bd69700f32192bd709e7a57a12 libpanelw-6.6_p20260516-r0.apk
libpcre2-16 10.49-r0 097f71794dfb16e1d9744e30abc6c6728394912547130735cdaee3bb83f1c8ad libpcre2-16-10.49-r0.apk
libpcre2-32 10.49-r0 e52c784ee8ca15ca94e9ea58f189bdd436e2f99b3c4ed28aac91fb0306176f11 libpcre2-32-10.49-r0.apk
libseccomp 2.6.0-r2 2c7fb3ef531c96e980599bb3ff57b40f34d3ef9e2a51bfb831746c130f621415 libseccomp-2.6.0-r2.apk
libseccomp-dev 2.6.0-r2 61c47ed0b825146816552bdc4b241454c4a519f15169a0ef213793945e7f7853 libseccomp-dev-2.6.0-r2.apk
libseccomp-static 2.6.0-r2 c10cc00cb0af75abdc099bf389e594f4cc159571c4b5f8a3476d05d0d10f931a libseccomp-static-2.6.0-r2.apk
libsmartcols 2.42.3-r1 5e3a457257d9c0e6799ab5d544ca4f172c4e19e02adcde94c72343ed3f6d8b26 libsmartcols-2.42.3-r1.apk
libssl3 3.5.9-r0 05e3393fb95aa5751ca2f9d242f659f6cff82c1cc7767cc2df4a086f7ad01877 libssl3-3.5.9-r0.apk
libstdc++ 15.2.0-r5 14c987b556f5385a5db18376e788c75f37d85321b8dc1920d926ea7daac1d6f6 libstdc++-15.2.0-r5.apk
libstdc++-dev 15.2.0-r5 62ce308cdbf127dcac6eee1520a4ffec8dc98b30974653908842fe4cc7d90b43 libstdc++-dev-15.2.0-r5.apk
libtool 2.6.0-r1 4304c7a8b5d81e0912415bdba4297aeccb00e3fe019d3581a970e129b6fecc69 libtool-2.6.0-r1.apk
libuuid 2.42.3-r1 8306e5bb577696c9069fe1dfd9e1dcc39d2d481c6a1b0e707fd03c3e21aa6aa2 libuuid-2.42.3-r1.apk
libuv 1.52.1-r0 a0074b92335b4d8b16c001a9a580caced88aa5de0552a02dc32a9ee0ed5aaa03 libuv-1.52.1-r0.apk
libxml2 2.13.9-r2 4b2f986159c659f014b942fe8a5d70c67af475153ca826c3dd53389eea46a300 libxml2-2.13.9-r2.apk
libxml2-dev 2.13.9-r2 02137d27a68f7cdc4ae7d25fe8cdff4b4557037cd58c590a962ce4932d4ad91c libxml2-dev-2.13.9-r2.apk
libxml2-static 2.13.9-r2 61fcffcc2b7126e6bf79cf355923abcb7cf3349f0c4ed8950b51c4d2af387ff7 libxml2-static-2.13.9-r2.apk
libxml2-utils 2.13.9-r2 4c45089cd1999f300cf244c8f4c2c2673844c0a7e27d05e5484c8ac8cf6ea8df libxml2-utils-2.13.9-r2.apk
libxslt 1.1.43-r3 b8ea65dc36b982bba434e0c71a8cb39d16b49f80c2f80847c0f25f0cb356f38f libxslt-1.1.43-r3.apk
linux-headers 7.0.0-r1 c4535f3f0dc6fd4d80efa7ff2a7a72a2d3f8dae31e2587c0785cc3243889cdf2 linux-headers-7.0.0-r1.apk
linux-pam 1.7.1-r2 73c327468bfd849bf078fb3d59516f1adc54685682dec6386d8d9d75c00e939d linux-pam-1.7.1-r2.apk
lz4-dev 1.10.0-r1 2909fa9f0d0a74c8a65cca2306baa44bab3528aad76e7d684893559dbc7fa6ed lz4-dev-1.10.0-r1.apk
lz4-libs 1.10.0-r1 3ad4912ab8ecf5f6236fdb751f88243006b3a8f152684e455b781e16284dd298 lz4-libs-1.10.0-r1.apk
lz4-static 1.10.0-r1 990ddfdddededb56ea87275149fb8d1cd81b39e8914b2d79e3b037c01615cc42 lz4-static-1.10.0-r1.apk
m4 1.4.20-r1 e163b45e0fae7b50f4abec37833a729453cea38a5d74c9ed1bdb04a475eeba70 m4-1.4.20-r1.apk
make 4.4.1-r4 a916626a876f64c6b6fb32a6bf0fa93351d09fae0aa7684135642390da647e60 make-4.4.1-r4.apk
meson 1.11.1-r0 643167c448e8303dbd7acebbaa33cfb670d67a861641c49727caa54a64f7dd28 meson-1.11.1-r0.apk
meson-pyc 1.11.1-r0 772b0bd3e7988810435e551b6be2d037c4ee50de16f63b5c85086e987dc83513 meson-pyc-1.11.1-r0.apk
mpc1 1.3.1-r1 c2247438e163f1c11646428f07576ceb3cf3167f9a9a5c6526021f778d77adb6 mpc1-1.3.1-r1.apk
mpdecimal 4.0.1-r0 1278f374bbc8b4aad674244458cca5fc63e0780a921138eef400d5db64381a31 mpdecimal-4.0.1-r0.apk
mpfr4 4.2.2-r0 93620a803d416e8c05150fb14413796df14ea370322dff6bd106455deab15646 mpfr4-4.2.2-r0.apk
musl 1.2.6-r2 573712e2f49c15bfc20a2699f204acdfc74c772722b15e7353d768057fae0e71 musl-1.2.6-r2.apk
musl-dev 1.2.6-r2 6831e8b9e4821dae2c9121f0641f81e543f4ac27c03144c4876980ee84e6988f musl-dev-1.2.6-r2.apk
ncurses-dev 6.6_p20260516-r0 f619c185ae571d0cc78b2f78e578f560a243a4153ae849de0c25564e73b98023 ncurses-dev-6.6_p20260516-r0.apk
ncurses-static 6.6_p20260516-r0 d0757782554aa29c840c3a2f1cc2fcff7639833bd3df0fc9e30138eae901eea4 ncurses-static-6.6_p20260516-r0.apk
ncurses-terminfo-base 6.6_p20260516-r0 ce83be6d0bd10584a53c3a5868cc1595ce5f0f8e0b621f8f7f70b6144e521fc9 ncurses-terminfo-base-6.6_p20260516-r0.apk
nghttp2-dev 1.70.0-r0 6cf749f5dd79f7d92311e095e0527b3bcc171f6793e9fd7e623ef497b0abc90f nghttp2-dev-1.70.0-r0.apk
nghttp2-libs 1.70.0-r0 f0c4014eb2f10308dcdfd84cd49c121673c7b78cb8182b6e7a1388d8ae112a3b nghttp2-libs-1.70.0-r0.apk
nghttp2-static 1.70.0-r0 6f3898fcbcc317a9abd024187b2d6613b8039e59b59ac95fc9128871a7e031d0 nghttp2-static-1.70.0-r0.apk
patch 2.8-r0 723c061ea3e2c3e61b457f8f614f0b87724aeae37564ba4c1bdd41c722118187 patch-2.8-r0.apk
pcre2 10.49-r0 2919897914820f42a17a8d7d37df310d2dfad1c82ebe5f539cc5c765f916752a pcre2-10.49-r0.apk
pcre2-dev 10.49-r0 dafe5fb44f781ac26a2b722ac02dfc31a64c90bbb47c34c7447e4523bc0cb6c8 pcre2-dev-10.49-r0.apk
pcre2-static 10.49-r0 1a0fefb8441d9a08d1bd140649830c0a3391f0a74fbbf258377cd63f2c70c885 pcre2-static-10.49-r0.apk
perl 5.42.2-r1 0c57f655954b9183711d850b9ccb369f22aabd70f3ce617fe9f67eac2ef2afa7 perl-5.42.2-r1.apk
perl-error 0.17030-r0 8169a2bc811347acec8ddb0973d1f0a6aa398a92683034ec14ce3d75332afae5 perl-error-0.17030-r0.apk
perl-git 2.54.0-r0 fe5ede50ae53f41b9561d12ff1035a8f57813ae38b3b8a11f80ccab54a1d1491 perl-git-2.54.0-r0.apk
pkgconf 2.5.1-r0 20cc47b76b82e9424a35ecc4fdd7bd904ef49ada1684214910fae31bc0cab737 pkgconf-2.5.1-r0.apk
py3-libxml2 2.13.9-r2 9445c074041d2d5c8c278d0f64564bf1f94e54c15dcb73d895fcc05c2154544d py3-libxml2-2.13.9-r2.apk
py3-libxml2-pyc 2.13.9-r2 575b16db87d58602496b5bc59ab4b3ec2a9231a103bcce3483acb663e85f71a3 py3-libxml2-pyc-2.13.9-r2.apk
py3-packaging 26.2-r0 5288199fb9c2ac47cae5c4acc15468664c8e9adea014635d93f49f7e68c9d21c py3-packaging-26.2-r0.apk
py3-packaging-pyc 26.2-r0 bd6912dd75f39e0acee1904f8a23dbee42a099ef22e19326fb6f19b5e5afbc56 py3-packaging-pyc-26.2-r0.apk
py3-parsing 3.3.2-r1 8e78c80984b9cc32f5ec86ec9f787fb5b3ac146ff5caf672fa654e8773e0d47c py3-parsing-3.3.2-r1.apk
py3-parsing-pyc 3.3.2-r1 d43aac2f5d86d63d5b414e53b30156b053a68fa28d877f1d8def8d39f02efdb3 py3-parsing-pyc-3.3.2-r1.apk
pyc 3.14.8-r0 45894c74dcf5229c373b5693045df60b90c671639103fd43a37eaefb0961557f pyc-3.14.8-r0.apk
python3 3.14.8-r0 802caff00b3398c01bb227cd925c8f9e33585ff19f58f0f25295a761ff2509cd python3-3.14.8-r0.apk
python3-pyc 3.14.8-r0 f3784543adb738ac7e3816ab55bbab057f4301b545a83044ebfa21cc822fbf56 python3-pyc-3.14.8-r0.apk
python3-pycache-pyc0 3.14.8-r0 14fb0adaa0db1d73c6d925d05134571b5cd0d7be26fbe6ccec552b6dd613bf4b python3-pycache-pyc0-3.14.8-r0.apk
readline 8.3.3-r1 766911ecb986a6c5cf0841a6b556cd1e9dbbf22b3559726de32416486cd15c81 readline-8.3.3-r1.apk
readline-dev 8.3.3-r1 dfad181f0ad4e6e5156dc2605ebf3ccdac46e4f5d215d167d56345bf232b1203 readline-dev-8.3.3-r1.apk
readline-static 8.3.3-r1 fd7152f9f1523b91d7d1d832c28796738c10f19a0b7ff7e9c37bf85771a248c7 readline-static-8.3.3-r1.apk
rhash-libs 1.4.6-r0 7d14a70040f83f40ae5ea8829e3eb58d82f06d959478658b81b30033d390651f rhash-libs-1.4.6-r0.apk
samurai 1.2-r8 f959c2baf5a6438bd7d74aa16b56c8526c116233052a71d598940e6f5b4400f9 samurai-1.2-r8.apk
shared-mime-info 2.4-r7 b0ed78b502cacfa2dfb6ff87aaef36a034258026873ab5b73f5e603d6623a147 shared-mime-info-2.4-r7.apk
skalibs-libs 2.15.0.0-r0 3301f6ccbeaea49cdd966c7e636898a8612fb8fe964a15f24f6d204b3944c3f3 skalibs-libs-2.15.0.0-r0.apk
sqlite 3.53.4-r0 c51f4aae4fdbbec678639cdaa7af6758eef331dbf7299e2777fa7020b41ff194 sqlite-3.53.4-r0.apk
sqlite-dev 3.53.4-r0 c30a6155ebd456f37524242c2a60690e516666fa487fba6630280e7ecdf9442f sqlite-dev-3.53.4-r0.apk
sqlite-libs 3.53.4-r0 a8a216e53d22faa3f04d2e3650c1991af66f8d0b42fadff5afcdb9afb60b19e5 sqlite-libs-3.53.4-r0.apk
ssl_client 1.37.0-r31 e578a140670e4cf9816117b0c2063632bf3754ecbe8fa593a7fd2b4039372bf0 ssl_client-1.37.0-r31.apk
util-linux-dev 2.42.3-r1 2c8d9fc69aaa85d9fb24bba9bb0efb38c06f11b368edd6385b66c0760c640d23 util-linux-dev-2.42.3-r1.apk
util-linux-static 2.42.3-r1 6998583dbec98c4100d906f6045b812774882125458c15964985c1fc35a481bb util-linux-static-2.42.3-r1.apk
utmps-libs 0.1.3.3-r0 497f0f1cb51f0e6c1acc338fded0dc7722b1d43ea17bdb749f0d556794f8b2d8 utmps-libs-0.1.3.3-r0.apk
xz 5.8.4-r0 547866cbe6f4a93efc9cee3bba03629d37f5590446677bb800cf4eada4b22c7c xz-5.8.4-r0.apk
xz-dev 5.8.4-r0 9292f2044e1f93fff3997b449f95567fcd9356b931cdac1baa2578f24592732a xz-dev-5.8.4-r0.apk
xz-libs 5.8.4-r0 ab362dd515ead04c31a6c302163248da7aa4813e283c971e6dd3f789b453a1d9 xz-libs-5.8.4-r0.apk
xz-static 5.8.4-r0 da87145dfef2ef86c35d63e1a28cf5920e0b5c26f2e7245ecc7b62c3f1f18aba xz-static-5.8.4-r0.apk
zlib 1.3.2-r0 b636306cbf8a0c15493b38de608ba11605fd8f11ade631f5ece6f7fdf5a1e09e zlib-1.3.2-r0.apk
zlib-dev 1.3.2-r0 8fdd47360b4b54c21e4ab91de858cfb4700c17887506e4ab1b0c7ae42746fefd zlib-dev-1.3.2-r0.apk
zlib-static 1.3.2-r0 d6baedc0732e0a443292e0f6f9c57a077e0c031c2025f25cd69d637a47f90219 zlib-static-1.3.2-r0.apk
zstd 1.5.7-r2 774da060da278110a2075de01ecee04fb036033ec19de9f3c36f0283c150a487 zstd-1.5.7-r2.apk
zstd-dev 1.5.7-r2 1b548f46268e658cdd79fc65eb3e58e627d57d8694c3615f6e9490e6f70ba0cd zstd-dev-1.5.7-r2.apk
zstd-libs 1.5.7-r2 23c6065b0049b2406441564bcf0032515a43f78e80d76fcb85535a3803ef5d4e zstd-libs-1.5.7-r2.apk
zstd-static 1.5.7-r2 d8a3eea451aa7f1355d563eddf8de31b14519ffbf3397c9365346a22ff4124d8 zstd-static-1.5.7-r2.apk
